{
  "name": "waybar",
  "lockfileVersion": 3,
  "requires": true,
  "packages": {
    "": {
      "devDependencies": {
        "@iconify-json/catppuccin": "^1.2.8"
      }
    },
    "node_modules/@iconify-json/catppuccin": {
      "version": "1.2.8",
      "resolved": "https://registry.npmjs.org/@iconify-json/catppuccin/-/catppuccin-1.2.8.tgz",
      "integrity": "sha512-RMeUcFVl4srRA0SlrfOfhBWL5NaMS6OUTfxGg971zKQ3o0i4ckon+UiJ/g/obxYLkD8Wii2Vfz4/sD78R/c4qA==",
      "dev": true,
      "license": "MIT",
      "dependencies": {
        "@iconify/types": "*"
      }
    },
    "node_modules/@iconify/types": {
      "version": "2.0.0",
      "resolved": "https://registry.npmjs.org/@iconify/types/-/types-2.0.0.tgz",
      "integrity": "sha512-+wluvCrRhXrhyOmRDJ3q8mux9JkKy5SJ/v8ol2tu4FVjyYvtEzkc/3pK15ET6RKg4b4w4BmTk1+gsCUhf21Ykg==",
      "dev": true,
      "license": "MIT"
    }
  }
}
